
Microsoft Visual Studio Solution File, Format Version 12.00
# Visual Studio 15
VisualStudioVersion = 15.0.28307.168
MinimumVisualStudioVersion = 10.0.40219.1
Project("{9A19103F-16F7-4668-BE54-9A1E7A4F7556}") = "PizzaStore.Domain", "PizzaStore.Domain\PizzaStore.Domain.csproj", "{840CC768-777A-48BC-B2B2-442B4E2C91CD}"
EndProject
Project("{9A19103F-16F7-4668-BE54-9A1E7A4F7556}") = "PizzaStore.Tests", "PizzaStore.Tests\PizzaStore.Tests.csproj", "{373BFC43-6AFC-45E6-82A9-C37F7F3BBAB0}"
EndProject
Project("{9A19103F-16F7-4668-BE54-9A1E7A4F7556}") = "PizzaStore.Migration", "PizzaStore.Migration\PizzaStore.Migration.csproj", "{D857115B-3CBA-4CEF-939A-8BBD354631B4}"
EndProject
Project("{FAE04EC0-301F-11D3-BF4B-00C04F79EFBC}") = "PizzaStore.Data", "PizzaStore.Data\PizzaStore.Data.csproj", "{DF81C08A-749F-4FB2-B661-5E07B5726645}"
EndProject
Global
	GlobalSection(SolutionConfigurationPlatforms) = preSolution
		Debug|Any CPU = Debug|Any CPU
		Release|Any CPU = Release|Any CPU
	EndGlobalSection
	GlobalSection(ProjectConfigurationPlatforms) = postSolution
		{840CC768-777A-48BC-B2B2-442B4E2C91CD}.Debug|Any CPU.ActiveCfg = Debug|Any CPU
		{840CC768-777A-48BC-B2B2-442B4E2C91CD}.Debug|Any CPU.Build.0 = Debug|Any CPU
		{840CC768-777A-48BC-B2B2-442B4E2C91CD}.Release|Any CPU.ActiveCfg = Release|Any CPU
		{840CC768-777A-48BC-B2B2-442B4E2C91CD}.Release|Any CPU.Build.0 = Release|Any CPU
		{373BFC43-6AFC-45E6-82A9-C37F7F3BBAB0}.Debug|Any CPU.ActiveCfg = Debug|Any CPU
		{373BFC43-6AFC-45E6-82A9-C37F7F3BBAB0}.Debug|Any CPU.Build.0 = Debug|Any CPU
		{373BFC43-6AFC-45E6-82A9-C37F7F3BBAB0}.Release|Any CPU.ActiveCfg = Release|Any CPU
		{373BFC43-6AFC-45E6-82A9-C37F7F3BBAB0}.Release|Any CPU.Build.0 = Release|Any CPU
		{D857115B-3CBA-4CEF-939A-8BBD354631B4}.Debug|Any CPU.ActiveCfg = Debug|Any CPU
		{D857115B-3CBA-4CEF-939A-8BBD354631B4}.Debug|Any CPU.Build.0 = Debug|Any CPU
		{D857115B-3CBA-4CEF-939A-8BBD354631B4}.Release|Any CPU.ActiveCfg = Release|Any CPU
		{D857115B-3CBA-4CEF-939A-8BBD354631B4}.Release|Any CPU.Build.0 = Release|Any CPU
		{DF81C08A-749F-4FB2-B661-5E07B5726645}.Debug|Any CPU.ActiveCfg = Debug|Any CPU
		{DF81C08A-749F-4FB2-B661-5E07B5726645}.Debug|Any CPU.Build.0 = Debug|Any CPU
		{DF81C08A-749F-4FB2-B661-5E07B5726645}.Release|Any CPU.ActiveCfg = Release|Any CPU
		{DF81C08A-749F-4FB2-B661-5E07B5726645}.Release|Any CPU.Build.0 = Release|Any CPU
	EndGlobalSection
	GlobalSection(SolutionProperties) = preSolution
		HideSolutionNode = FALSE
	EndGlobalSection
	GlobalSection(ExtensibilityGlobals) = postSolution
		SolutionGuid = {B493ED0C-069A-4E9C-A3C3-E50A832FF13B}
	EndGlobalSection
EndGlobal
